// !$*UTF8*$!
{
	archiveVersion = 1;
	classes = {
	};
	objectVersion = 46;
	objects = {

/* Begin PBXBuildFile section */
		EB9A7E5C1AC00AF800BF4BFB /* week4.cpp in Sources */ = {isa = PBXBuildFile; fileRef = EB9A7E5B1AC00AF800BF4BFB /* week4.cpp */; };
		EBB885041AB7DC4A00E0B801 /* GLUT.framework in Frameworks */ = {isa = PBXBuildFile; fileRef = EBB885031AB7DC4A00E0B801 /* GLUT.framework */; };
		EBB885061AB7DC5500E0B801 /* OpenGL.framework in Frameworks */ = {isa = PBXBuildFile; fileRef = EBB885051AB7DC5500E0B801 /* OpenGL.framework */; };
/* End PBXBuildFile section */

/* Begin PBXCopyFilesBuildPhase section */
		EBB884F51AB7DB1D00E0B801 /* CopyFiles */ = {
			isa = PBXCopyFilesBuildPhase;
			buildActionMask = 2147483647;
			dstPath = /usr/share/man/man1/;
			dstSubfolderSpec = 0;
			files = (
			);
			runOnlyForDeploymentPostprocessing = 1;
		};
/* End PBXCopyFilesBuildPhase section */

/* Begin PBXFileReference section */
		EB9A7E5B1AC00AF800BF4BFB /* week4.cpp */ = {isa = PBXFileReference; fileEncoding = 4; lastKnownFileType = sourcecode.cpp.cpp; path = week4.cpp; sourceTree = "<group>"; };
		EBB884F71AB7DB1D00E0B801 /* HomeworkXcodeProject */ = {isa = PBXFileReference; explicitFileType = "compiled.mach-o.executable"; includeInIndex = 0; path = HomeworkXcodeProject; sourceTree = BUILT_PRODUCTS_DIR; };
		EBB885031AB7DC4A00E0B801 /* GLUT.framework */ = {isa = PBXFileReference; lastKnownFileType = wrapper.framework; name = GLUT.framework; path = System/Library/Frameworks/GLUT.framework; sourceTree = SDKROOT; };
		EBB885051AB7DC5500E0B801 /* OpenGL.framework */ = {isa = PBXFileReference; lastKnownFileType = wrapper.framework; name = OpenGL.framework; path = System/Library/Frameworks/OpenGL.framework; sourceTree = SDKROOT; };
/* End PBXFileReference section */

/* Begin PBXFrameworksBuildPhase section */
		EBB884F41AB7DB1D00E0B801 /* Frameworks */ = {
			isa = PBXFrameworksBuildPhase;
			buildActionMask = 2147483647;
			files = (
				EBB885061AB7DC5500E0B801 /* OpenGL.framework in Frameworks */,
				EBB885041AB7DC4A00E0B801 /* GLUT.framework in Frameworks */,
			);
			runOnlyForDeploymentPostprocessing = 0;
		};
/* End PBXFrameworksBuildPhase section */

/* Begin PBXGroup section */
		EBB884EE1AB7DB1D00E0B801 = {
			isa = PBXGroup;
			children = (
				EB9A7E5B1AC00AF800BF4BFB /* week4.cpp */,
				EBB885051AB7DC5500E0B801 /* OpenGL.framework */,
				EBB885031AB7DC4A00E0B801 /* GLUT.framework */,
				EBB884F91AB7DB1D00E0B801 /* HomeworkXcodeProject */,
				EBB884F81AB7DB1D00E0B801 /* Products */,
			);
			sourceTree = "<group>";
		};
		EBB884F81AB7DB1D00E0B801 /* Products */ = {
			isa = PBXGroup;
			children = (
				EBB884F71AB7DB1D00E0B801 /* HomeworkXcodeProject */,
			);
			name = Products;
			sourceTree = "<group>";
		};
		EBB884F91AB7DB1D00E0B801 /* HomeworkXcodeProject */ = {
			isa = PBXGroup;
			children = (
			);
			path = HomeworkXcodeProject;
			sourceTree = "<group>";
		};
/* End PBXGroup section */

/* Begin PBXNativeTarget section */
		EBB884F61AB7DB1D00E0B801 /* HomeworkXcodeProject */ = {
			isa = PBXNativeTarget;
			buildConfigurationList = EBB884FE1AB7DB1D00E0B801 /* Build configuration list for PBXNativeTarget "HomeworkXcodeProject" */;
			buildPhases = (
				EBB884F31AB7DB1D00E0B801 /* Sources */,
				EBB884F41AB7DB1D00E0B801 /* Frameworks */,
				EBB884F51AB7DB1D00E0B801 /* CopyFiles */,
			);
			buildRules = (
			);
			dependencies = (
			);
			name = HomeworkXcodeProject;
			productName = HomeworkXcodeProject;
			productReference = EBB884F71AB7DB1D00E0B801 /* HomeworkXcodeProject */;
			productType = "com.apple.product-type.tool";
		};
/* End PBXNativeTarget section */

/* Begin PBXProject section */
		EBB884EF1AB7DB1D00E0B801 /* Project object */ = {
			isa = PBXProject;
			attributes = {
				LastUpgradeCheck = 0620;
				ORGANIZATIONNAME = wangbo;
				TargetAttributes = {
					EBB884F61AB7DB1D00E0B801 = {
						CreatedOnToolsVersion = 6.2;
					};
				};
			};
			buildConfigurationList = EBB884F21AB7DB1D00E0B801 /* Build configuration list for PBXProject "HomeworkXcodeProject" */;
			compatibilityVersion = "Xcode 3.2";
			developmentRegion = English;
			hasScannedForEncodings = 0;
			knownRegions = (
				en,
			);
			mainGroup = EBB884EE1AB7DB1D00E0B801;
			productRefGroup = EBB884F81AB7DB1D00E0B801 /* Products */;
			projectDirPath = "";
			projectRoot = "";
			targets = (
				EBB884F61AB7DB1D00E0B801 /* HomeworkXcodeProject */,
			);
		};
/* End PBXProject section */

/* Begin PBXSourcesBuildPhase section */
		EBB884F31AB7DB1D00E0B801 /* Sources */ = {
			isa = PBXSourcesBuildPhase;
			buildActionMask = 2147483647;
			files = (
				EB9A7E5C1AC00AF800BF4BFB /* week4.cpp in Sources */,
			);
			runOnlyForDeploymentPostprocessing = 0;
		};
/* End PBXSourcesBuildPhase section */

/* Begin XCBuildConfiguration section */
		EBB884FC1AB7DB1D00E0B801 /* Debug */ = {
			isa = XCBuildConfiguration;
			buildSettings = {
				ALWAYS_SEARCH_USER_PATHS = NO;
				CLANG_CXX_LANGUAGE_STANDARD = "gnu++0x";
				CLANG_CXX_LIBRARY = "libc++";
				CLANG_ENABLE_MODULES = YES;
				CLANG_ENABLE_OBJC_ARC = YES;
				CLANG_WARN_BOOL_CONVERSION = YES;
				CLANG_WARN_CONSTANT_CONVERSION = YES;
				CLANG_WARN_DIRECT_OBJC_ISA_USAGE = YES_ERROR;
				CLANG_WARN_EMPTY_BODY = YES;
				CLANG_WARN_ENUM_CONVERSION = YES;
				CLANG_WARN_INT_CONVERSION = YES;
				CLANG_WARN_OBJC_ROOT_CLASS = YES_ERROR;
				CLANG_WARN_UNREACHABLE_CODE = YES;
				CLANG_WARN__DUPLICATE_METHOD_MATCH = YES;
				COPY_PHASE_STRIP = NO;
				ENABLE_STRICT_OBJC_MSGSEND = YES;
				GCC_C_LANGUAGE_STANDARD = gnu99;
				GCC_DYNAMIC_NO_PIC = NO;
				GCC_OPTIMIZATION_LEVEL = 0;
				GCC_PREPROCESSOR_DEFINITIONS = (
					"DEBUG=1",
					"$(inherited)",
				);
				GCC_SYMBOLS_PRIVATE_EXTERN = NO;
				GCC_WARN_64_TO_32_BIT_CONVERSION = YES;
				GCC_WARN_ABOUT_RETURN_TYPE = YES_ERROR;
				GCC_WARN_UNDECLARED_SELECTOR = YES;
				GCC_WARN_UNINITIALIZED_AUTOS = YES_AGGRESSIVE;
				GCC_WARN_UNUSED_FUNCTION = YES;
				GCC_WARN_UNUSED_VARIABLE = YES;
				MACOSX_DEPLOYMENT_TARGET = 10.10;
				MTL_ENABLE_DEBUG_INFO = YES;
				ONLY_ACTIVE_ARCH = YES;
				SDKROOT = macosx;
			};
			name = Debug;
		};
		EBB884FD1AB7DB1D00E0B801 /* Release */ = {
			isa = XCBuildConfiguration;
			buildSettings = {
				ALWAYS_SEARCH_USER_PATHS = NO;
				CLANG_CXX_LANGUAGE_STANDARD = "gnu++0x";
				CLANG_CXX_LIBRARY = "libc++";
				CLANG_ENABLE_MODULES = YES;
				CLANG_ENABLE_OBJC_ARC = YES;
				CLANG_WARN_BOOL_CONVERSION = YES;
				CLANG_WARN_CONSTANT_CONVERSION = YES;
				CLANG_WARN_DIRECT_OBJC_ISA_USAGE = YES_ERROR;
				CLANG_WARN_EMPTY_BODY = YES;
				CLANG_WARN_ENUM_CONVERSION = YES;
				CLANG_WARN_INT_CONVERSION = YES;
				CLANG_WARN_OBJC_ROOT_CLASS = YES_ERROR;
				CLANG_WARN_UNREACHABLE_CODE = YES;
				CLANG_WARN__DUPLICATE_METHOD_MATCH = YES;
				COPY_PHASE_STRIP = NO;
				DEBUG_INFORMATION_FORMAT = "dwarf-with-dsym";
				ENABLE_NS_ASSERTIONS = NO;
				ENABLE_STRICT_OBJC_MSGSEND = YES;
				GCC_C_LANGUAGE_STANDARD = gnu99;
				GCC_WARN_64_TO_32_BIT_CONVERSION = YES;
				GCC_WARN_ABOUT_RETURN_TYPE = YES_ERROR;
				GCC_WARN_UNDECLARED_SELECTOR = YES;
				GCC_WARN_UNINITIALIZED_AUTOS = YES_AGGRESSIVE;
				GCC_WARN_UNUSED_FUNCTION = YES;
				GCC_WARN_UNUSED_VARIABLE = YES;
				MACOSX_DEPLOYMENT_TARGET = 10.10;
				MTL_ENABLE_DEBUG_INFO = NO;
				SDKROOT = macosx;
			};
			name = Release;
		};
		EBB884FF1AB7DB1D00E0B801 /* Debug */ = {
			isa = XCBuildConfiguration;
			buildSettings = {
				HEADER_SEARCH_PATHS = (
					"$(inherited)",
					/Applications/Xcode.app/Contents/Developer/Toolchains/XcodeDefault.xctoolchain/usr/include,
					"/Users/wangbo1/Documents/编译程序/Simple\\ OpenGL\\ Image\\ Library/include",
				);
				LIBRARY_SEARCH_PATHS = "/Users/wangbo1/Documents/编译程序/Simple\\ OpenGL\\ Image\\ Library/lib";
				PRODUCT_NAME = "$(TARGET_NAME)";
			};
			name = Debug;
		};
		EBB885001AB7DB1D00E0B801 /* Release */ = {
			isa = XCBuildConfiguration;
			buildSettings = {
				PRODUCT_NAME = "$(TARGET_NAME)";
			};
			name = Release;
		};
/* End XCBuildConfiguration section */

/* Begin XCConfigurationList section */
		EBB884F21AB7DB1D00E0B801 /* Build configuration list for PBXProject "HomeworkXcodeProject" */ = {
			isa = XCConfigurationList;
			buildConfigurations = (
				EBB884FC1AB7DB1D00E0B801 /* Debug */,
				EBB884FD1AB7DB1D00E0B801 /* Release */,
			);
			defaultConfigurationIsVisible = 0;
			defaultConfigurationName = Release;
		};
		EBB884FE1AB7DB1D00E0B801 /* Build configuration list for PBXNativeTarget "HomeworkXcodeProject" */ = {
			isa = XCConfigurationList;
			buildConfigurations = (
				EBB884FF1AB7DB1D00E0B801 /* Debug */,
				EBB885001AB7DB1D00E0B801 /* Release */,
			);
			defaultConfigurationIsVisible = 0;
			defaultConfigurationName = Release;
		};
/* End XCConfigurationList section */
	};
	rootObject = EBB884EF1AB7DB1D00E0B801 /* Project object */;
}
